
Microsoft Visual Studio Solution File, Format Version 12.00
# Visual Studio Version 16
VisualStudioVersion = 16.0.32106.194
MinimumVisualStudioVersion = 10.0.40219.1
Project("{FAE04EC0-301F-11D3-BF4B-00C04F79EFBC}") = "CarsDatabase", "CarsDatabase\CarsDatabase.csproj", "{BC2ED701-9979-4B41-9124-AC67F7F19009}"
EndProject
Global
	GlobalSection(SolutionConfigurationPlatforms) = preSolution
		Debug|Any CPU = Debug|Any CPU
		Release|Any CPU = Release|Any CPU
	EndGlobalSection
	GlobalSection(ProjectConfigurationPlatforms) = postSolution
		{BC2ED701-9979-4B41-9124-AC67F7F19009}.Debug|Any CPU.ActiveCfg = Debug|Any CPU
		{BC2ED701-9979-4B41-9124-AC67F7F19009}.Debug|Any CPU.Build.0 = Debug|Any CPU
		{BC2ED701-9979-4B41-9124-AC67F7F19009}.Release|Any CPU.ActiveCfg = Release|Any CPU
		{BC2ED701-9979-4B41-9124-AC67F7F19009}.Release|Any CPU.Build.0 = Release|Any CPU
	EndGlobalSection
	GlobalSection(SolutionProperties) = preSolution
		HideSolutionNode = FALSE
	EndGlobalSection
	GlobalSection(ExtensibilityGlobals) = postSolution
		SolutionGuid = {1D9B65A0-5790-4A74-A397-35E5FE106816}
	EndGlobalSection
EndGlobal
